
Microsoft Visual Studio Solution File, Format Version 12.00
# Visual Studio Version 17
VisualStudioVersion = 17.3.32901.215
MinimumVisualStudioVersion = 10.0.40219.1
Project("{FAE04EC0-301F-11D3-BF4B-00C04F79EFBC}") = "pass_manager", "pass_manager.csproj", "{3D11234D-90D4-4F99-B53F-70B14822CB11}"
EndProject
Global
	GlobalSection(SolutionConfigurationPlatforms) = preSolution
		Debug|Any CPU = Debug|Any CPU
		Release|Any CPU = Release|Any CPU
	EndGlobalSection
	GlobalSection(ProjectConfigurationPlatforms) = postSolution
		{3D11234D-90D4-4F99-B53F-70B14822CB11}.Debug|Any CPU.ActiveCfg = Debug|Any CPU
		{3D11234D-90D4-4F99-B53F-70B14822CB11}.Debug|Any CPU.Build.0 = Debug|Any CPU
		{3D11234D-90D4-4F99-B53F-70B14822CB11}.Release|Any CPU.ActiveCfg = Release|Any CPU
		{3D11234D-90D4-4F99-B53F-70B14822CB11}.Release|Any CPU.Build.0 = Release|Any CPU
	EndGlobalSection
	GlobalSection(SolutionProperties) = preSolution
		HideSolutionNode = FALSE
	EndGlobalSection
	GlobalSection(ExtensibilityGlobals) = postSolution
		SolutionGuid = {618969E6-1543-4BE1-88BB-399CD9E9B838}
	EndGlobalSection
EndGlobal
